
Microsoft Visual Studio Solution File, Format Version 12.00
# Visual Studio Version 16
VisualStudioVersion = 16.0.32228.343
MinimumVisualStudioVersion = 10.0.40219.1
Project("{9A19103F-16F7-4668-BE54-9A1E7A4F7556}") = "RingBuffer", "RingBuffer\RingBuffer.csproj", "{4366C38B-EB48-416A-B1A9-7AE90502DAD8}"
EndProject
Project("{9A19103F-16F7-4668-BE54-9A1E7A4F7556}") = "RingBuffer.Test", "RingBuffer.Test\RingBuffer.Test.csproj", "{ECA4EB74-A285-4E47-B308-0E4F78C74249}"
EndProject
Global
	GlobalSection(SolutionConfigurationPlatforms) = preSolution
		Debug|Any CPU = Debug|Any CPU
		Release|Any CPU = Release|Any CPU
	EndGlobalSection
	GlobalSection(ProjectConfigurationPlatforms) = postSolution
		{4366C38B-EB48-416A-B1A9-7AE90502DAD8}.Debug|Any CPU.ActiveCfg = Debug|Any CPU
		{4366C38B-EB48-416A-B1A9-7AE90502DAD8}.Debug|Any CPU.Build.0 = Debug|Any CPU
		{4366C38B-EB48-416A-B1A9-7AE90502DAD8}.Release|Any CPU.ActiveCfg = Release|Any CPU
		{4366C38B-EB48-416A-B1A9-7AE90502DAD8}.Release|Any CPU.Build.0 = Release|Any CPU
		{ECA4EB74-A285-4E47-B308-0E4F78C74249}.Debug|Any CPU.ActiveCfg = Debug|Any CPU
		{ECA4EB74-A285-4E47-B308-0E4F78C74249}.Debug|Any CPU.Build.0 = Debug|Any CPU
		{ECA4EB74-A285-4E47-B308-0E4F78C74249}.Release|Any CPU.ActiveCfg = Release|Any CPU
		{ECA4EB74-A285-4E47-B308-0E4F78C74249}.Release|Any CPU.Build.0 = Release|Any CPU
	EndGlobalSection
	GlobalSection(SolutionProperties) = preSolution
		HideSolutionNode = FALSE
	EndGlobalSection
	GlobalSection(ExtensibilityGlobals) = postSolution
		SolutionGuid = {BB51AE95-3207-47AC-8ECF-49938D3B5995}
	EndGlobalSection
EndGlobal
